// !$*UTF8*$!
{
	archiveVersion = 1;
	classes = {
	};
	objectVersion = 46;
	objects = {

/* Begin PBXBuildFile section */
		0A6409CC1DDAD26700D906F9 /* default_recipes.json in Resources */ = {isa = PBXBuildFile; fileRef = 0A6409CB1DDAD26700D906F9 /* default_recipes.json */; };
		0A8480791DD8FE61009A3F5A /* IngredientListCell.swift in Sources */ = {isa = PBXBuildFile; fileRef = 0A8480781DD8FE61009A3F5A /* IngredientListCell.swift */; };
		0A84807B1DD90526009A3F5A /* Ingredient.swift in Sources */ = {isa = PBXBuildFile; fileRef = 0A84807A1DD90526009A3F5A /* Ingredient.swift */; };
		0AB0A28B1DD6AD91001F53F3 /* LoginViewController.swift in Sources */ = {isa = PBXBuildFile; fileRef = 0AB0A28A1DD6AD91001F53F3 /* LoginViewController.swift */; };
		0AB0A28D1DD6ADA7001F53F3 /* WelcomeViewController.swift in Sources */ = {isa = PBXBuildFile; fileRef = 0AB0A28C1DD6ADA7001F53F3 /* WelcomeViewController.swift */; };
		0AB0A28F1DD6ADBC001F53F3 /* RecipeListViewController.swift in Sources */ = {isa = PBXBuildFile; fileRef = 0AB0A28E1DD6ADBC001F53F3 /* RecipeListViewController.swift */; };
		0AB0A2911DD6ADCD001F53F3 /* RecipeViewController.swift in Sources */ = {isa = PBXBuildFile; fileRef = 0AB0A2901DD6ADCD001F53F3 /* RecipeViewController.swift */; };
		0AB0A2931DD6ADDB001F53F3 /* RecipeEditViewController.swift in Sources */ = {isa = PBXBuildFile; fileRef = 0AB0A2921DD6ADDB001F53F3 /* RecipeEditViewController.swift */; };
		0AB0A2951DD7ADF5001F53F3 /* RecipeListCell.swift in Sources */ = {isa = PBXBuildFile; fileRef = 0AB0A2941DD7ADF5001F53F3 /* RecipeListCell.swift */; };
		0ACC4DAD1DD1410C00701833 /* AppDelegate.swift in Sources */ = {isa = PBXBuildFile; fileRef = 0ACC4DAC1DD1410C00701833 /* AppDelegate.swift */; };
		0ACC4DB21DD1410C00701833 /* Main.storyboard in Resources */ = {isa = PBXBuildFile; fileRef = 0ACC4DB01DD1410C00701833 /* Main.storyboard */; };
		0ACC4DB41DD1410C00701833 /* Assets.xcassets in Resources */ = {isa = PBXBuildFile; fileRef = 0ACC4DB31DD1410C00701833 /* Assets.xcassets */; };
		0ACC4DB71DD1410C00701833 /* LaunchScreen.storyboard in Resources */ = {isa = PBXBuildFile; fileRef = 0ACC4DB51DD1410C00701833 /* LaunchScreen.storyboard */; };
		284F0AE31DD797E700434B8B /* FoodToForkClient.swift in Sources */ = {isa = PBXBuildFile; fileRef = 284F0AE21DD797E700434B8B /* FoodToForkClient.swift */; };
		284F0AE51DDA377300434B8B /* User.swift in Sources */ = {isa = PBXBuildFile; fileRef = 284F0AE41DDA377300434B8B /* User.swift */; };
		284F0AE91DDAB50B00434B8B /* IntroViewController.swift in Sources */ = {isa = PBXBuildFile; fileRef = 284F0AE81DDAB50B00434B8B /* IntroViewController.swift */; };
		28515DF11DD3D959000756BA /* Recipe.swift in Sources */ = {isa = PBXBuildFile; fileRef = 28515DF01DD3D959000756BA /* Recipe.swift */; };
		66D465CC43B56ECB24BA096E /* Pods_Recipe.framework in Frameworks */ = {isa = PBXBuildFile; fileRef = D8CF869BEB955DA1AA74F00A /* Pods_Recipe.framework */; };
/* End PBXBuildFile section */

/* Begin PBXFileReference section */
		0A6409CB1DDAD26700D906F9 /* default_recipes.json */ = {isa = PBXFileReference; fileEncoding = 4; lastKnownFileType = text.json; path = default_recipes.json; sourceTree = "<group>"; };
		0A8480781DD8FE61009A3F5A /* IngredientListCell.swift */ = {isa = PBXFileReference; fileEncoding = 4; lastKnownFileType = sourcecode.swift; path = IngredientListCell.swift; sourceTree = "<group>"; };
		0A84807A1DD90526009A3F5A /* Ingredient.swift */ = {isa = PBXFileReference; fileEncoding = 4; lastKnownFileType = sourcecode.swift; path = Ingredient.swift; sourceTree = "<group>"; };
		0AB0A28A1DD6AD91001F53F3 /* LoginViewController.swift */ = {isa = PBXFileReference; fileEncoding = 4; lastKnownFileType = sourcecode.swift; path = LoginViewController.swift; sourceTree = "<group>"; };
		0AB0A28C1DD6ADA7001F53F3 /* WelcomeViewController.swift */ = {isa = PBXFileReference; fileEncoding = 4; lastKnownFileType = sourcecode.swift; path = WelcomeViewController.swift; sourceTree = "<group>"; };
		0AB0A28E1DD6ADBC001F53F3 /* RecipeListViewController.swift */ = {isa = PBXFileReference; fileEncoding = 4; lastKnownFileType = sourcecode.swift; path = RecipeListViewController.swift; sourceTree = "<group>"; };
		0AB0A2901DD6ADCD001F53F3 /* RecipeViewController.swift */ = {isa = PBXFileReference; fileEncoding = 4; lastKnownFileType = sourcecode.swift; path = RecipeViewController.swift; sourceTree = "<group>"; };
		0AB0A2921DD6ADDB001F53F3 /* RecipeEditViewController.swift */ = {isa = PBXFileReference; fileEncoding = 4; lastKnownFileType = sourcecode.swift; path = RecipeEditViewController.swift; sourceTree = "<group>"; };
		0AB0A2941DD7ADF5001F53F3 /* RecipeListCell.swift */ = {isa = PBXFileReference; fileEncoding = 4; lastKnownFileType = sourcecode.swift; path = RecipeListCell.swift; sourceTree = "<group>"; };
		0ACC4DA91DD1410C00701833 /* Recipe.app */ = {isa = PBXFileReference; explicitFileType = wrapper.application; includeInIndex = 0; path = Recipe.app; sourceTree = BUILT_PRODUCTS_DIR; };
		0ACC4DAC1DD1410C00701833 /* AppDelegate.swift */ = {isa = PBXFileReference; lastKnownFileType = sourcecode.swift; path = AppDelegate.swift; sourceTree = "<group>"; };
		0ACC4DB11DD1410C00701833 /* Base */ = {isa = PBXFileReference; lastKnownFileType = file.storyboard; name = Base; path = Base.lproj/Main.storyboard; sourceTree = "<group>"; };
		0ACC4DB31DD1410C00701833 /* Assets.xcassets */ = {isa = PBXFileReference; lastKnownFileType = folder.assetcatalog; path = Assets.xcassets; sourceTree = "<group>"; };
		0ACC4DB61DD1410C00701833 /* Base */ = {isa = PBXFileReference; lastKnownFileType = file.storyboard; name = Base; path = Base.lproj/LaunchScreen.storyboard; sourceTree = "<group>"; };
		0ACC4DB81DD1410C00701833 /* Info.plist */ = {isa = PBXFileReference; lastKnownFileType = text.plist.xml; path = Info.plist; sourceTree = "<group>"; };
		284F0AE21DD797E700434B8B /* FoodToForkClient.swift */ = {isa = PBXFileReference; fileEncoding = 4; lastKnownFileType = sourcecode.swift; path = FoodToForkClient.swift; sourceTree = "<group>"; };
		284F0AE41DDA377300434B8B /* User.swift */ = {isa = PBXFileReference; fileEncoding = 4; lastKnownFileType = sourcecode.swift; path = User.swift; sourceTree = "<group>"; };
		284F0AE81DDAB50B00434B8B /* IntroViewController.swift */ = {isa = PBXFileReference; fileEncoding = 4; lastKnownFileType = sourcecode.swift; path = IntroViewController.swift; sourceTree = "<group>"; };
		28515DF01DD3D959000756BA /* Recipe.swift */ = {isa = PBXFileReference; fileEncoding = 4; lastKnownFileType = sourcecode.swift; path = Recipe.swift; sourceTree = "<group>"; };
		9BC98465461E91B4978B4FA7 /* Pods-Recipe.release.xcconfig */ = {isa = PBXFileReference; includeInIndex = 1; lastKnownFileType = text.xcconfig; name = "Pods-Recipe.release.xcconfig"; path = "Pods/Target Support Files/Pods-Recipe/Pods-Recipe.release.xcconfig"; sourceTree = "<group>"; };
		9F62D52326437E1B0E751E5B /* Pods-Recipe.debug.xcconfig */ = {isa = PBXFileReference; includeInIndex = 1; lastKnownFileType = text.xcconfig; name = "Pods-Recipe.debug.xcconfig"; path = "Pods/Target Support Files/Pods-Recipe/Pods-Recipe.debug.xcconfig"; sourceTree = "<group>"; };
		D8CF869BEB955DA1AA74F00A /* Pods_Recipe.framework */ = {isa = PBXFileReference; explicitFileType = wrapper.framework; includeInIndex = 0; path = Pods_Recipe.framework; sourceTree = BUILT_PRODUCTS_DIR; };
/* End PBXFileReference section */

/* Begin PBXFrameworksBuildPhase section */
		0ACC4DA61DD1410C00701833 /* Frameworks */ = {
			isa = PBXFrameworksBuildPhase;
			buildActionMask = 2147483647;
			files = (
				66D465CC43B56ECB24BA096E /* Pods_Recipe.framework in Frameworks */,
			);
			runOnlyForDeploymentPostprocessing = 0;
		};
/* End PBXFrameworksBuildPhase section */

/* Begin PBXGroup section */
		0A6409CA1DDAA20900D906F9 /* Resources */ = {
			isa = PBXGroup;
			children = (
				0A6409CB1DDAD26700D906F9 /* default_recipes.json */,
			);
			name = Resources;
			sourceTree = "<group>";
		};
		0AB0A2861DD6AA63001F53F3 /* Views */ = {
			isa = PBXGroup;
			children = (
				0AB0A2941DD7ADF5001F53F3 /* RecipeListCell.swift */,
				0A8480781DD8FE61009A3F5A /* IngredientListCell.swift */,
			);
			name = Views;
			sourceTree = "<group>";
		};
		0AB0A2871DD6AA6E001F53F3 /* View Controllers */ = {
			isa = PBXGroup;
			children = (
				0AB0A28A1DD6AD91001F53F3 /* LoginViewController.swift */,
				0AB0A28C1DD6ADA7001F53F3 /* WelcomeViewController.swift */,
				0AB0A28E1DD6ADBC001F53F3 /* RecipeListViewController.swift */,
				0AB0A2901DD6ADCD001F53F3 /* RecipeViewController.swift */,
				0AB0A2921DD6ADDB001F53F3 /* RecipeEditViewController.swift */,
				284F0AE81DDAB50B00434B8B /* IntroViewController.swift */,
			);
			name = "View Controllers";
			sourceTree = "<group>";
		};
		0ACC4DA01DD1410C00701833 = {
			isa = PBXGroup;
			children = (
				284F0AE11DD797C300434B8B /* Clients */,
				0ACC4DAB1DD1410C00701833 /* Recipe */,
				0ACC4DAA1DD1410C00701833 /* Products */,
				3075D05BB06EE9C3DD3B2F9F /* Pods */,
				F809A8538975DA62648F277B /* Frameworks */,
			);
			sourceTree = "<group>";
		};
		0ACC4DAA1DD1410C00701833 /* Products */ = {
			isa = PBXGroup;
			children = (
				0ACC4DA91DD1410C00701833 /* Recipe.app */,
			);
			name = Products;
			sourceTree = "<group>";
		};
		0ACC4DAB1DD1410C00701833 /* Recipe */ = {
			isa = PBXGroup;
			children = (
				0A6409CA1DDAA20900D906F9 /* Resources */,
				0AB0A2871DD6AA6E001F53F3 /* View Controllers */,
				0AB0A2861DD6AA63001F53F3 /* Views */,
				28515DEF1DD3D926000756BA /* Models */,
				0ACC4DAC1DD1410C00701833 /* AppDelegate.swift */,
				0ACC4DB01DD1410C00701833 /* Main.storyboard */,
				0ACC4DB31DD1410C00701833 /* Assets.xcassets */,
				0ACC4DB51DD1410C00701833 /* LaunchScreen.storyboard */,
				0ACC4DB81DD1410C00701833 /* Info.plist */,
			);
			path = Recipe;
			sourceTree = "<group>";
		};
		284F0AE11DD797C300434B8B /* Clients */ = {
			isa = PBXGroup;
			children = (
				284F0AE21DD797E700434B8B /* FoodToForkClient.swift */,
			);
			name = Clients;
			sourceTree = "<group>";
		};
		28515DEF1DD3D926000756BA /* Models */ = {
			isa = PBXGroup;
			children = (
				28515DF01DD3D959000756BA /* Recipe.swift */,
				0A84807A1DD90526009A3F5A /* Ingredient.swift */,
				284F0AE41DDA377300434B8B /* User.swift */,
			);
			name = Models;
			sourceTree = "<group>";
		};
		3075D05BB06EE9C3DD3B2F9F /* Pods */ = {
			isa = PBXGroup;
			children = (
				9F62D52326437E1B0E751E5B /* Pods-Recipe.debug.xcconfig */,
				9BC98465461E91B4978B4FA7 /* Pods-Recipe.release.xcconfig */,
			);
			name = Pods;
			sourceTree = "<group>";
		};
		F809A8538975DA62648F277B /* Frameworks */ = {
			isa = PBXGroup;
			children = (
				D8CF869BEB955DA1AA74F00A /* Pods_Recipe.framework */,
			);
			name = Frameworks;
			sourceTree = "<group>";
		};
/* End PBXGroup section */

/* Begin PBXNativeTarget section */
		0ACC4DA81DD1410C00701833 /* Recipe */ = {
			isa = PBXNativeTarget;
			buildConfigurationList = 0ACC4DBB1DD1410C00701833 /* Build configuration list for PBXNativeTarget "Recipe" */;
			buildPhases = (
				4741D5D1D49FAE8A684FFC4C /* [CP] Check Pods Manifest.lock */,
				0ACC4DA51DD1410C00701833 /* Sources */,
				0ACC4DA61DD1410C00701833 /* Frameworks */,
				0ACC4DA71DD1410C00701833 /* Resources */,
				A180A3EA6DF7CCC959CB5384 /* [CP] Embed Pods Frameworks */,
				1B611A3678ED50097F2EC55B /* [CP] Copy Pods Resources */,
			);
			buildRules = (
			);
			dependencies = (
			);
			name = Recipe;
			productName = Recipe;
			productReference = 0ACC4DA91DD1410C00701833 /* Recipe.app */;
			productType = "com.apple.product-type.application";
		};
/* End PBXNativeTarget section */

/* Begin PBXProject section */
		0ACC4DA11DD1410C00701833 /* Project object */ = {
			isa = PBXProject;
			attributes = {
				LastSwiftUpdateCheck = 0800;
				LastUpgradeCheck = 0800;
				ORGANIZATIONNAME = "Codepath Group 6";
				TargetAttributes = {
					0ACC4DA81DD1410C00701833 = {
						CreatedOnToolsVersion = 8.0;
						ProvisioningStyle = Automatic;
					};
				};
			};
			buildConfigurationList = 0ACC4DA41DD1410C00701833 /* Build configuration list for PBXProject "Recipe" */;
			compatibilityVersion = "Xcode 3.2";
			developmentRegion = English;
			hasScannedForEncodings = 0;
			knownRegions = (
				en,
				Base,
			);
			mainGroup = 0ACC4DA01DD1410C00701833;
			productRefGroup = 0ACC4DAA1DD1410C00701833 /* Products */;
			projectDirPath = "";
			projectRoot = "";
			targets = (
				0ACC4DA81DD1410C00701833 /* Recipe */,
			);
		};
/* End PBXProject section */

/* Begin PBXResourcesBuildPhase section */
		0ACC4DA71DD1410C00701833 /* Resources */ = {
			isa = PBXResourcesBuildPhase;
			buildActionMask = 2147483647;
			files = (
				0ACC4DB71DD1410C00701833 /* LaunchScreen.storyboard in Resources */,
				0ACC4DB41DD1410C00701833 /* Assets.xcassets in Resources */,
				0ACC4DB21DD1410C00701833 /* Main.storyboard in Resources */,
				0A6409CC1DDAD26700D906F9 /* default_recipes.json in Resources */,
			);
			runOnlyForDeploymentPostprocessing = 0;
		};
/* End PBXResourcesBuildPhase section */

/* Begin PBXShellScriptBuildPhase section */
		1B611A3678ED50097F2EC55B /* [CP] Copy Pods Resources */ = {
			isa = PBXShellScriptBuildPhase;
			buildActionMask = 2147483647;
			files = (
			);
			inputPaths = (
			);
			name = "[CP] Copy Pods Resources";
			outputPaths = (
			);
			runOnlyForDeploymentPostprocessing = 0;
			shellPath = /bin/sh;
			shellScript = "\"${SRCROOT}/Pods/Target Support Files/Pods-Recipe/Pods-Recipe-resources.sh\"\n";
			showEnvVarsInLog = 0;
		};
		4741D5D1D49FAE8A684FFC4C /* [CP] Check Pods Manifest.lock */ = {
			isa = PBXShellScriptBuildPhase;
			buildActionMask = 2147483647;
			files = (
			);
			inputPaths = (
			);
			name = "[CP] Check Pods Manifest.lock";
			outputPaths = (
			);
			runOnlyForDeploymentPostprocessing = 0;
			shellPath = /bin/sh;
			shellScript = "diff \"${PODS_ROOT}/../Podfile.lock\" \"${PODS_ROOT}/Manifest.lock\" > /dev/null\nif [[ $? != 0 ]] ; then\n    cat << EOM\nerror: The sandbox is not in sync with the Podfile.lock. Run 'pod install' or update your CocoaPods installation.\nEOM\n    exit 1\nfi\n";
			showEnvVarsInLog = 0;
		};
		A180A3EA6DF7CCC959CB5384 /* [CP] Embed Pods Frameworks */ = {
			isa = PBXShellScriptBuildPhase;
			buildActionMask = 2147483647;
			files = (
			);
			inputPaths = (
			);
			name = "[CP] Embed Pods Frameworks";
			outputPaths = (
			);
			runOnlyForDeploymentPostprocessing = 0;
			shellPath = /bin/sh;
			shellScript = "\"${SRCROOT}/Pods/Target Support Files/Pods-Recipe/Pods-Recipe-frameworks.sh\"\n";
			showEnvVarsInLog = 0;
		};
/* End PBXShellScriptBuildPhase section */

/* Begin PBXSourcesBuildPhase section */
		0ACC4DA51DD1410C00701833 /* Sources */ = {
			isa = PBXSourcesBuildPhase;
			buildActionMask = 2147483647;
			files = (
				28515DF11DD3D959000756BA /* Recipe.swift in Sources */,
				284F0AE91DDAB50B00434B8B /* IntroViewController.swift in Sources */,
				284F0AE31DD797E700434B8B /* FoodToForkClient.swift in Sources */,
				0AB0A28D1DD6ADA7001F53F3 /* WelcomeViewController.swift in Sources */,
				0A84807B1DD90526009A3F5A /* Ingredient.swift in Sources */,
				0AB0A2911DD6ADCD001F53F3 /* RecipeViewController.swift in Sources */,
				0AB0A2951DD7ADF5001F53F3 /* RecipeListCell.swift in Sources */,
				0A8480791DD8FE61009A3F5A /* IngredientListCell.swift in Sources */,
				0AB0A28F1DD6ADBC001F53F3 /* RecipeListViewController.swift in Sources */,
				284F0AE51DDA377300434B8B /* User.swift in Sources */,
				0ACC4DAD1DD1410C00701833 /* AppDelegate.swift in Sources */,
				0AB0A2931DD6ADDB001F53F3 /* RecipeEditViewController.swift in Sources */,
				0AB0A28B1DD6AD91001F53F3 /* LoginViewController.swift in Sources */,
			);
			runOnlyForDeploymentPostprocessing = 0;
		};
/* End PBXSourcesBuildPhase section */

/* Begin PBXVariantGroup section */
		0ACC4DB01DD1410C00701833 /* Main.storyboard */ = {
			isa = PBXVariantGroup;
			children = (
				0ACC4DB11DD1410C00701833 /* Base */,
			);
			name = Main.storyboard;
			sourceTree = "<group>";
		};
		0ACC4DB51DD1410C00701833 /* LaunchScreen.storyboard */ = {
			isa = PBXVariantGroup;
			children = (
				0ACC4DB61DD1410C00701833 /* Base */,
			);
			name = LaunchScreen.storyboard;
			sourceTree = "<group>";
		};
/* End PBXVariantGroup section */

/* Begin XCBuildConfiguration section */
		0ACC4DB91DD1410C00701833 /* Debug */ = {
			isa = XCBuildConfiguration;
			buildSettings = {
				ALWAYS_SEARCH_USER_PATHS = NO;
				CLANG_ANALYZER_NONNULL = YES;
				CLANG_CXX_LANGUAGE_STANDARD = "gnu++0x";
				CLANG_CXX_LIBRARY = "libc++";
				CLANG_ENABLE_MODULES = YES;
				CLANG_ENABLE_OBJC_ARC = YES;
				CLANG_WARN_BOOL_CONVERSION = YES;
				CLANG_WARN_CONSTANT_CONVERSION = YES;
				CLANG_WARN_DIRECT_OBJC_ISA_USAGE = YES_ERROR;
				CLANG_WARN_DOCUMENTATION_COMMENTS = YES;
				CLANG_WARN_EMPTY_BODY = YES;
				CLANG_WARN_ENUM_CONVERSION = YES;
				CLANG_WARN_INFINITE_RECURSION = YES;
				CLANG_WARN_INT_CONVERSION = YES;
				CLANG_WARN_OBJC_ROOT_CLASS = YES_ERROR;
				CLANG_WARN_SUSPICIOUS_MOVES = YES;
				CLANG_WARN_UNREACHABLE_CODE = YES;
				CLANG_WARN__DUPLICATE_METHOD_MATCH = YES;
				"CODE_SIGN_IDENTITY[sdk=iphoneos*]" = "iPhone Developer";
				COPY_PHASE_STRIP = NO;
				DEBUG_INFORMATION_FORMAT = dwarf;
				ENABLE_STRICT_OBJC_MSGSEND = YES;
				ENABLE_TESTABILITY = YES;
				GCC_C_LANGUAGE_STANDARD = gnu99;
				GCC_DYNAMIC_NO_PIC = NO;
				GCC_NO_COMMON_BLOCKS = YES;
				GCC_OPTIMIZATION_LEVEL = 0;
				GCC_PREPROCESSOR_DEFINITIONS = (
					"DEBUG=1",
					"$(inherited)",
				);
				GCC_WARN_64_TO_32_BIT_CONVERSION = YES;
				GCC_WARN_ABOUT_RETURN_TYPE = YES_ERROR;
				GCC_WARN_UNDECLARED_SELECTOR = YES;
				GCC_WARN_UNINITIALIZED_AUTOS = YES_AGGRESSIVE;
				GCC_WARN_UNUSED_FUNCTION = YES;
				GCC_WARN_UNUSED_VARIABLE = YES;
				IPHONEOS_DEPLOYMENT_TARGET = 10.0;
				MTL_ENABLE_DEBUG_INFO = YES;
				ONLY_ACTIVE_ARCH = YES;
				SDKROOT = iphoneos;
				SWIFT_ACTIVE_COMPILATION_CONDITIONS = DEBUG;
				SWIFT_OPTIMIZATION_LEVEL = "-Onone";
			};
			name = Debug;
		};
		0ACC4DBA1DD1410C00701833 /* Release */ = {
			isa = XCBuildConfiguration;
			buildSettings = {
				ALWAYS_SEARCH_USER_PATHS = NO;
				CLANG_ANALYZER_NONNULL = YES;
				CLANG_CXX_LANGUAGE_STANDARD = "gnu++0x";
				CLANG_CXX_LIBRARY = "libc++";
				CLANG_ENABLE_MODULES = YES;
				CLANG_ENABLE_OBJC_ARC = YES;
				CLANG_WARN_BOOL_CONVERSION = YES;
				CLANG_WARN_CONSTANT_CONVERSION = YES;
				CLANG_WARN_DIRECT_OBJC_ISA_USAGE = YES_ERROR;
				CLANG_WARN_DOCUMENTATION_COMMENTS = YES;
				CLANG_WARN_EMPTY_BODY = YES;
				CLANG_WARN_ENUM_CONVERSION = YES;
				CLANG_WARN_INFINITE_RECURSION = YES;
				CLANG_WARN_INT_CONVERSION = YES;
				CLANG_WARN_OBJC_ROOT_CLASS = YES_ERROR;
				CLANG_WARN_SUSPICIOUS_MOVES = YES;
				CLANG_WARN_UNREACHABLE_CODE = YES;
				CLANG_WARN__DUPLICATE_METHOD_MATCH = YES;
				"CODE_SIGN_IDENTITY[sdk=iphoneos*]" = "iPhone Developer";
				COPY_PHASE_STRIP = NO;
				DEBUG_INFORMATION_FORMAT = "dwarf-with-dsym";
				ENABLE_NS_ASSERTIONS = NO;
				ENABLE_STRICT_OBJC_MSGSEND = YES;
				GCC_C_LANGUAGE_STANDARD = gnu99;
				GCC_NO_COMMON_BLOCKS = YES;
				GCC_WARN_64_TO_32_BIT_CONVERSION = YES;
				GCC_WARN_ABOUT_RETURN_TYPE = YES_ERROR;
				GCC_WARN_UNDECLARED_SELECTOR = YES;
				GCC_WARN_UNINITIALIZED_AUTOS = YES_AGGRESSIVE;
				GCC_WARN_UNUSED_FUNCTION = YES;
				GCC_WARN_UNUSED_VARIABLE = YES;
				IPHONEOS_DEPLOYMENT_TARGET = 10.0;
				MTL_ENABLE_DEBUG_INFO = NO;
				SDKROOT = iphoneos;
				SWIFT_OPTIMIZATION_LEVEL = "-Owholemodule";
				VALIDATE_PRODUCT = YES;
			};
			name = Release;
		};
		0ACC4DBC1DD1410C00701833 /* Debug */ = {
			isa = XCBuildConfiguration;
			baseConfigurationReference = 9F62D52326437E1B0E751E5B /* Pods-Recipe.debug.xcconfig */;
			buildSettings = {
				ASSETCATALOG_COMPILER_APPICON_NAME = AppIcon;
				DEVELOPMENT_TEAM = "";
				INFOPLIST_FILE = Recipe/Info.plist;
				LD_RUNPATH_SEARCH_PATHS = "$(inherited) @executable_path/Frameworks";
				PRODUCT_BUNDLE_IDENTIFIER = com.codePath.Recipe;
				PRODUCT_NAME = "$(TARGET_NAME)";
				SWIFT_VERSION = 3.0;
			};
			name = Debug;
		};
		0ACC4DBD1DD1410C00701833 /* Release */ = {
			isa = XCBuildConfiguration;
			baseConfigurationReference = 9BC98465461E91B4978B4FA7 /* Pods-Recipe.release.xcconfig */;
			buildSettings = {
				ASSETCATALOG_COMPILER_APPICON_NAME = AppIcon;
				DEVELOPMENT_TEAM = "";
				INFOPLIST_FILE = Recipe/Info.plist;
				LD_RUNPATH_SEARCH_PATHS = "$(inherited) @executable_path/Frameworks";
				PRODUCT_BUNDLE_IDENTIFIER = com.codePath.Recipe;
				PRODUCT_NAME = "$(TARGET_NAME)";
				SWIFT_VERSION = 3.0;
			};
			name = Release;
		};
/* End XCBuildConfiguration section */

/* Begin XCConfigurationList section */
		0ACC4DA41DD1410C00701833 /* Build configuration list for PBXProject "Recipe" */ = {
			isa = XCConfigurationList;
			buildConfigurations = (
				0ACC4DB91DD1410C00701833 /* Debug */,
				0ACC4DBA1DD1410C00701833 /* Release */,
			);
			defaultConfigurationIsVisible = 0;
			defaultConfigurationName = Release;
		};
		0ACC4DBB1DD1410C00701833 /* Build configuration list for PBXNativeTarget "Recipe" */ = {
			isa = XCConfigurationList;
			buildConfigurations = (
				0ACC4DBC1DD1410C00701833 /* Debug */,
				0ACC4DBD1DD1410C00701833 /* Release */,
			);
			defaultConfigurationIsVisible = 0;
			defaultConfigurationName = Release;
		};
/* End XCConfigurationList section */
	};
	rootObject = 0ACC4DA11DD1410C00701833 /* Project object */;
}
